
Microsoft Visual Studio Solution File, Format Version 12.00
# Visual Studio Version 17
VisualStudioVersion = 17.3.32922.545
MinimumVisualStudioVersion = 10.0.40219.1
Project("{9A19103F-16F7-4668-BE54-9A1E7A4F7556}") = "tm", "tm\tm.csproj", "{C87D1486-6D8A-4041-AFC6-F7F0F5BC6B4B}"
EndProject
Project("{9A19103F-16F7-4668-BE54-9A1E7A4F7556}") = "ui", "ui\ui.csproj", "{78924484-F096-4D2F-92FC-C53A6A397027}"
EndProject
Project("{9A19103F-16F7-4668-BE54-9A1E7A4F7556}") = "tests", "tests\tests.csproj", "{09047278-622A-4EBA-9B29-5080AD23054C}"
EndProject
Global
	GlobalSection(SolutionConfigurationPlatforms) = preSolution
		Debug|Any CPU = Debug|Any CPU
		Release|Any CPU = Release|Any CPU
	EndGlobalSection
	GlobalSection(ProjectConfigurationPlatforms) = postSolution
		{C87D1486-6D8A-4041-AFC6-F7F0F5BC6B4B}.Debug|Any CPU.ActiveCfg = Debug|Any CPU
		{C87D1486-6D8A-4041-AFC6-F7F0F5BC6B4B}.Debug|Any CPU.Build.0 = Debug|Any CPU
		{C87D1486-6D8A-4041-AFC6-F7F0F5BC6B4B}.Release|Any CPU.ActiveCfg = Release|Any CPU
		{C87D1486-6D8A-4041-AFC6-F7F0F5BC6B4B}.Release|Any CPU.Build.0 = Release|Any CPU
		{78924484-F096-4D2F-92FC-C53A6A397027}.Debug|Any CPU.ActiveCfg = Debug|Any CPU
		{78924484-F096-4D2F-92FC-C53A6A397027}.Debug|Any CPU.Build.0 = Debug|Any CPU
		{78924484-F096-4D2F-92FC-C53A6A397027}.Release|Any CPU.ActiveCfg = Release|Any CPU
		{78924484-F096-4D2F-92FC-C53A6A397027}.Release|Any CPU.Build.0 = Release|Any CPU
		{09047278-622A-4EBA-9B29-5080AD23054C}.Debug|Any CPU.ActiveCfg = Debug|Any CPU
		{09047278-622A-4EBA-9B29-5080AD23054C}.Debug|Any CPU.Build.0 = Debug|Any CPU
		{09047278-622A-4EBA-9B29-5080AD23054C}.Release|Any CPU.ActiveCfg = Release|Any CPU
		{09047278-622A-4EBA-9B29-5080AD23054C}.Release|Any CPU.Build.0 = Release|Any CPU
	EndGlobalSection
	GlobalSection(SolutionProperties) = preSolution
		HideSolutionNode = FALSE
	EndGlobalSection
	GlobalSection(ExtensibilityGlobals) = postSolution
		SolutionGuid = {6F39AB44-526F-4CDF-8BD7-E26B2DB1C088}
	EndGlobalSection
EndGlobal
